{
	"name": "ski.js",
	"lockfileVersion": 3,
	"requires": true,
	"packages": {
		"": {
			"devDependencies": {
				"clean-jsdoc-theme": "^4.2.7"
			}
		},
		"node_modules/@babel/parser": {
			"version": "7.21.5",
			"resolved": "https://registry.npmjs.org/@babel/parser/-/parser-7.21.5.tgz",
			"integrity": "sha512-J+IxH2IsxV4HbnTrSWgMAQj0UEo61hDA4Ny8h8PCX0MLXiibqHbqIOVneqdocemSBc22VpBKxt4J6FQzy9HarQ==",
			"dev": true,
			"peer": true,
			"bin": {
				"parser": "bin/babel-parser.js"
			},
			"engines": {
				"node": ">=6.0.0"
			}
		},
		"node_modules/@jsdoc/salty": {
			"version": "0.2.5",
			"resolved": "https://registry.npmjs.org/@jsdoc/salty/-/salty-0.2.5.tgz",
			"integrity": "sha512-TfRP53RqunNe2HBobVBJ0VLhK1HbfvBYeTC1ahnN64PWvyYyGebmMiPkuwvD9fpw2ZbkoPb8Q7mwy0aR8Z9rvw==",
			"dev": true,
			"dependencies": {
				"lodash": "^4.17.21"
			},
			"engines": {
				"node": ">=v12.0.0"
			}
		},
		"node_modules/@types/linkify-it": {
			"version": "3.0.2",
			"resolved": "https://registry.npmjs.org/@types/linkify-it/-/linkify-it-3.0.2.tgz",
			"integrity": "sha512-HZQYqbiFVWufzCwexrvh694SOim8z2d+xJl5UNamcvQFejLY/2YUtzXHYi3cHdI7PMlS8ejH2slRAOJQ32aNbA==",
			"dev": true,
			"peer": true
		},
		"node_modules/@types/markdown-it": {
			"version": "12.2.3",
			"resolved": "https://registry.npmjs.org/@types/markdown-it/-/markdown-it-12.2.3.tgz",
			"integrity": "sha512-GKMHFfv3458yYy+v/N8gjufHO6MSZKCOXpZc5GXIWWy8uldwfmPn98vp81gZ5f9SVw8YYBctgfJ22a2d7AOMeQ==",
			"dev": true,
			"peer": true,
			"dependencies": {
				"@types/linkify-it": "*",
				"@types/mdurl": "*"
			}
		},
		"node_modules/@types/mdurl": {
			"version": "1.0.2",
			"resolved": "https://registry.npmjs.org/@types/mdurl/-/mdurl-1.0.2.tgz",
			"integrity": "sha512-eC4U9MlIcu2q0KQmXszyn5Akca/0jrQmwDRgpAMJai7qBWq4amIQhZyNau4VYGtCeALvW1/NtjzJJ567aZxfKA==",
			"dev": true,
			"peer": true
		},
		"node_modules/argparse": {
			"version": "2.0.1",
			"resolved": "https://registry.npmjs.org/argparse/-/argparse-2.0.1.tgz",
			"integrity": "sha512-8+9WqebbFzpX9OR+Wa6O29asIogeRMzcGtAINdpMHHyAg10f05aSFVBbcEqGf/PXw1EjAZ+q2/bEBg3DvurK3Q==",
			"dev": true,
			"peer": true
		},
		"node_modules/bluebird": {
			"version": "3.7.2",
			"resolved": "https://registry.npmjs.org/bluebird/-/bluebird-3.7.2.tgz",
			"integrity": "sha512-XpNj6GDQzdfW+r2Wnn7xiSAd7TM3jzkxGXBGTtWKuSXv1xUV+azxAm8jdWZN06QTQk+2N2XB9jRDkvbmQmcRtg==",
			"dev": true,
			"peer": true
		},
		"node_modules/camel-case": {
			"version": "3.0.0",
			"resolved": "https://registry.npmjs.org/camel-case/-/camel-case-3.0.0.tgz",
			"integrity": "sha512-+MbKztAYHXPr1jNTSKQF52VpcFjwY5RkR7fxksV8Doo4KAYc5Fl4UJRgthBbTmEx8C54DqahhbLJkDwjI3PI/w==",
			"dev": true,
			"dependencies": {
				"no-case": "^2.2.0",
				"upper-case": "^1.1.1"
			}
		},
		"node_modules/catharsis": {
			"version": "0.9.0",
			"resolved": "https://registry.npmjs.org/catharsis/-/catharsis-0.9.0.tgz",
			"integrity": "sha512-prMTQVpcns/tzFgFVkVp6ak6RykZyWb3gu8ckUpd6YkTlacOd3DXGJjIpD4Q6zJirizvaiAjSSHlOsA+6sNh2A==",
			"dev": true,
			"peer": true,
			"dependencies": {
				"lodash": "^4.17.15"
			},
			"engines": {
				"node": ">= 10"
			}
		},
		"node_modules/clean-css": {
			"version": "4.2.4",
			"resolved": "https://registry.npmjs.org/clean-css/-/clean-css-4.2.4.tgz",
			"integrity": "sha512-EJUDT7nDVFDvaQgAo2G/PJvxmp1o/c6iXLbswsBbUFXi1Nr+AjA2cKmfbKDMjMvzEe75g3P6JkaDDAKk96A85A==",
			"dev": true,
			"dependencies": {
				"source-map": "~0.6.0"
			},
			"engines": {
				"node": ">= 4.0"
			}
		},
		"node_modules/clean-jsdoc-theme": {
			"version": "4.2.7",
			"resolved": "https://registry.npmjs.org/clean-jsdoc-theme/-/clean-jsdoc-theme-4.2.7.tgz",
			"integrity": "sha512-yLLxwTFw7N9/toUCcFmKkwJmv4LO2pQWYNETcU3Vv+n2al2L2ohb7xWoXLjp5m3OljC9b1m+o4adzY0YH6Ep4A==",
			"dev": true,
			"dependencies": {
				"@jsdoc/salty": "^0.2.4",
				"fs-extra": "^10.1.0",
				"html-minifier": "^4.0.0",
				"klaw-sync": "^6.0.0",
				"lodash": "^4.17.21",
				"nanoid": "^3.3.4",
				"showdown": "^2.1.0"
			},
			"peerDependencies": {
				"jsdoc": ">=3.x <=4.x"
			}
		},
		"node_modules/commander": {
			"version": "2.20.3",
			"resolved": "https://registry.npmjs.org/commander/-/commander-2.20.3.tgz",
			"integrity": "sha512-GpVkmM8vF2vQUkj2LvZmD35JxeJOLCwJ9cUkugyk2nuhbv3+mJvpLYYt+0+USMxE+oj+ey/lJEnhZw75x/OMcQ==",
			"dev": true
		},
		"node_modules/entities": {
			"version": "2.1.0",
			"resolved": "https://registry.npmjs.org/entities/-/entities-2.1.0.tgz",
			"integrity": "sha512-hCx1oky9PFrJ611mf0ifBLBRW8lUUVRlFolb5gWRfIELabBlbp9xZvrqZLZAs+NxFnbfQoeGd8wDkygjg7U85w==",
			"dev": true,
			"peer": true,
			"funding": {
				"url": "https://github.com/fb55/entities?sponsor=1"
			}
		},
		"node_modules/escape-string-regexp": {
			"version": "2.0.0",
			"resolved": "https://registry.npmjs.org/escape-string-regexp/-/escape-string-regexp-2.0.0.tgz",
			"integrity": "sha512-UpzcLCXolUWcNu5HtVMHYdXJjArjsF9C0aNnquZYY4uW/Vu0miy5YoWvbV345HauVvcAUnpRuhMMcqTcGOY2+w==",
			"dev": true,
			"peer": true,
			"engines": {
				"node": ">=8"
			}
		},
		"node_modules/fs-extra": {
			"version": "10.1.0",
			"resolved": "https://registry.npmjs.org/fs-extra/-/fs-extra-10.1.0.tgz",
			"integrity": "sha512-oRXApq54ETRj4eMiFzGnHWGy+zo5raudjuxN0b8H7s/RU2oW0Wvsx9O0ACRN/kRq9E8Vu/ReskGB5o3ji+FzHQ==",
			"dev": true,
			"dependencies": {
				"graceful-fs": "^4.2.0",
				"jsonfile": "^6.0.1",
				"universalify": "^2.0.0"
			},
			"engines": {
				"node": ">=12"
			}
		},
		"node_modules/graceful-fs": {
			"version": "4.2.11",
			"resolved": "https://registry.npmjs.org/graceful-fs/-/graceful-fs-4.2.11.tgz",
			"integrity": "sha512-RbJ5/jmFcNNCcDV5o9eTnBLJ/HszWV0P73bc+Ff4nS/rJj+YaS6IGyiOL0VoBYX+l1Wrl3k63h/KrH+nhJ0XvQ==",
			"dev": true
		},
		"node_modules/he": {
			"version": "1.2.0",
			"resolved": "https://registry.npmjs.org/he/-/he-1.2.0.tgz",
			"integrity": "sha512-F/1DnUGPopORZi0ni+CvrCgHQ5FyEAHRLSApuYWMmrbSwoN2Mn/7k+Gl38gJnR7yyDZk6WLXwiGod1JOWNDKGw==",
			"dev": true,
			"bin": {
				"he": "bin/he"
			}
		},
		"node_modules/html-minifier": {
			"version": "4.0.0",
			"resolved": "https://registry.npmjs.org/html-minifier/-/html-minifier-4.0.0.tgz",
			"integrity": "sha512-aoGxanpFPLg7MkIl/DDFYtb0iWz7jMFGqFhvEDZga6/4QTjneiD8I/NXL1x5aaoCp7FSIT6h/OhykDdPsbtMig==",
			"dev": true,
			"dependencies": {
				"camel-case": "^3.0.0",
				"clean-css": "^4.2.1",
				"commander": "^2.19.0",
				"he": "^1.2.0",
				"param-case": "^2.1.1",
				"relateurl": "^0.2.7",
				"uglify-js": "^3.5.1"
			},
			"bin": {
				"html-minifier": "cli.js"
			},
			"engines": {
				"node": ">=6"
			}
		},
		"node_modules/js2xmlparser": {
			"version": "4.0.2",
			"resolved": "https://registry.npmjs.org/js2xmlparser/-/js2xmlparser-4.0.2.tgz",
			"integrity": "sha512-6n4D8gLlLf1n5mNLQPRfViYzu9RATblzPEtm1SthMX1Pjao0r9YI9nw7ZIfRxQMERS87mcswrg+r/OYrPRX6jA==",
			"dev": true,
			"peer": true,
			"dependencies": {
				"xmlcreate": "^2.0.4"
			}
		},
		"node_modules/jsdoc": {
			"version": "4.0.2",
			"resolved": "https://registry.npmjs.org/jsdoc/-/jsdoc-4.0.2.tgz",
			"integrity": "sha512-e8cIg2z62InH7azBBi3EsSEqrKx+nUtAS5bBcYTSpZFA+vhNPyhv8PTFZ0WsjOPDj04/dOLlm08EDcQJDqaGQg==",
			"dev": true,
			"peer": true,
			"dependencies": {
				"@babel/parser": "^7.20.15",
				"@jsdoc/salty": "^0.2.1",
				"@types/markdown-it": "^12.2.3",
				"bluebird": "^3.7.2",
				"catharsis": "^0.9.0",
				"escape-string-regexp": "^2.0.0",
				"js2xmlparser": "^4.0.2",
				"klaw": "^3.0.0",
				"markdown-it": "^12.3.2",
				"markdown-it-anchor": "^8.4.1",
				"marked": "^4.0.10",
				"mkdirp": "^1.0.4",
				"requizzle": "^0.2.3",
				"strip-json-comments": "^3.1.0",
				"underscore": "~1.13.2"
			},
			"bin": {
				"jsdoc": "jsdoc.js"
			},
			"engines": {
				"node": ">=12.0.0"
			}
		},
		"node_modules/jsonfile": {
			"version": "6.1.0",
			"resolved": "https://registry.npmjs.org/jsonfile/-/jsonfile-6.1.0.tgz",
			"integrity": "sha512-5dgndWOriYSm5cnYaJNhalLNDKOqFwyDB/rr1E9ZsGciGvKPs8R2xYGCacuf3z6K1YKDz182fd+fY3cn3pMqXQ==",
			"dev": true,
			"dependencies": {
				"universalify": "^2.0.0"
			},
			"optionalDependencies": {
				"graceful-fs": "^4.1.6"
			}
		},
		"node_modules/klaw": {
			"version": "3.0.0",
			"resolved": "https://registry.npmjs.org/klaw/-/klaw-3.0.0.tgz",
			"integrity": "sha512-0Fo5oir+O9jnXu5EefYbVK+mHMBeEVEy2cmctR1O1NECcCkPRreJKrS6Qt/j3KC2C148Dfo9i3pCmCMsdqGr0g==",
			"dev": true,
			"peer": true,
			"dependencies": {
				"graceful-fs": "^4.1.9"
			}
		},
		"node_modules/klaw-sync": {
			"version": "6.0.0",
			"resolved": "https://registry.npmjs.org/klaw-sync/-/klaw-sync-6.0.0.tgz",
			"integrity": "sha512-nIeuVSzdCCs6TDPTqI8w1Yre34sSq7AkZ4B3sfOBbI2CgVSB4Du4aLQijFU2+lhAFCwt9+42Hel6lQNIv6AntQ==",
			"dev": true,
			"dependencies": {
				"graceful-fs": "^4.1.11"
			}
		},
		"node_modules/linkify-it": {
			"version": "3.0.3",
			"resolved": "https://registry.npmjs.org/linkify-it/-/linkify-it-3.0.3.tgz",
			"integrity": "sha512-ynTsyrFSdE5oZ/O9GEf00kPngmOfVwazR5GKDq6EYfhlpFug3J2zybX56a2PRRpc9P+FuSoGNAwjlbDs9jJBPQ==",
			"dev": true,
			"peer": true,
			"dependencies": {
				"uc.micro": "^1.0.1"
			}
		},
		"node_modules/lodash": {
			"version": "4.17.21",
			"resolved": "https://registry.npmjs.org/lodash/-/lodash-4.17.21.tgz",
			"integrity": "sha512-v2kDEe57lecTulaDIuNTPy3Ry4gLGJ6Z1O3vE1krgXZNrsQ+LFTGHVxVjcXPs17LhbZVGedAJv8XZ1tvj5FvSg==",
			"dev": true
		},
		"node_modules/lower-case": {
			"version": "1.1.4",
			"resolved": "https://registry.npmjs.org/lower-case/-/lower-case-1.1.4.tgz",
			"integrity": "sha512-2Fgx1Ycm599x+WGpIYwJOvsjmXFzTSc34IwDWALRA/8AopUKAVPwfJ+h5+f85BCp0PWmmJcWzEpxOpoXycMpdA==",
			"dev": true
		},
		"node_modules/markdown-it": {
			"version": "12.3.2",
			"resolved": "https://registry.npmjs.org/markdown-it/-/markdown-it-12.3.2.tgz",
			"integrity": "sha512-TchMembfxfNVpHkbtriWltGWc+m3xszaRD0CZup7GFFhzIgQqxIfn3eGj1yZpfuflzPvfkt611B2Q/Bsk1YnGg==",
			"dev": true,
			"peer": true,
			"dependencies": {
				"argparse": "^2.0.1",
				"entities": "~2.1.0",
				"linkify-it": "^3.0.1",
				"mdurl": "^1.0.1",
				"uc.micro": "^1.0.5"
			},
			"bin": {
				"markdown-it": "bin/markdown-it.js"
			}
		},
		"node_modules/markdown-it-anchor": {
			"version": "8.6.7",
			"resolved": "https://registry.npmjs.org/markdown-it-anchor/-/markdown-it-anchor-8.6.7.tgz",
			"integrity": "sha512-FlCHFwNnutLgVTflOYHPW2pPcl2AACqVzExlkGQNsi4CJgqOHN7YTgDd4LuhgN1BFO3TS0vLAruV1Td6dwWPJA==",
			"dev": true,
			"peer": true,
			"peerDependencies": {
				"@types/markdown-it": "*",
				"markdown-it": "*"
			}
		},
		"node_modules/marked": {
			"version": "4.3.0",
			"resolved": "https://registry.npmjs.org/marked/-/marked-4.3.0.tgz",
			"integrity": "sha512-PRsaiG84bK+AMvxziE/lCFss8juXjNaWzVbN5tXAm4XjeaS9NAHhop+PjQxz2A9h8Q4M/xGmzP8vqNwy6JeK0A==",
			"dev": true,
			"peer": true,
			"bin": {
				"marked": "bin/marked.js"
			},
			"engines": {
				"node": ">= 12"
			}
		},
		"node_modules/mdurl": {
			"version": "1.0.1",
			"resolved": "https://registry.npmjs.org/mdurl/-/mdurl-1.0.1.tgz",
			"integrity": "sha512-/sKlQJCBYVY9Ers9hqzKou4H6V5UWc/M59TH2dvkt+84itfnq7uFOMLpOiOS4ujvHP4etln18fmIxA5R5fll0g==",
			"dev": true,
			"peer": true
		},
		"node_modules/mkdirp": {
			"version": "1.0.4",
			"resolved": "https://registry.npmjs.org/mkdirp/-/mkdirp-1.0.4.tgz",
			"integrity": "sha512-vVqVZQyf3WLx2Shd0qJ9xuvqgAyKPLAiqITEtqW0oIUjzo3PePDd6fW9iFz30ef7Ysp/oiWqbhszeGWW2T6Gzw==",
			"dev": true,
			"peer": true,
			"bin": {
				"mkdirp": "bin/cmd.js"
			},
			"engines": {
				"node": ">=10"
			}
		},
		"node_modules/nanoid": {
			"version": "3.3.6",
			"resolved": "https://registry.npmjs.org/nanoid/-/nanoid-3.3.6.tgz",
			"integrity": "sha512-BGcqMMJuToF7i1rt+2PWSNVnWIkGCU78jBG3RxO/bZlnZPK2Cmi2QaffxGO/2RvWi9sL+FAiRiXMgsyxQ1DIDA==",
			"dev": true,
			"funding": [
				{
					"type": "github",
					"url": "https://github.com/sponsors/ai"
				}
			],
			"bin": {
				"nanoid": "bin/nanoid.cjs"
			},
			"engines": {
				"node": "^10 || ^12 || ^13.7 || ^14 || >=15.0.1"
			}
		},
		"node_modules/no-case": {
			"version": "2.3.2",
			"resolved": "https://registry.npmjs.org/no-case/-/no-case-2.3.2.tgz",
			"integrity": "sha512-rmTZ9kz+f3rCvK2TD1Ue/oZlns7OGoIWP4fc3llxxRXlOkHKoWPPWJOfFYpITabSow43QJbRIoHQXtt10VldyQ==",
			"dev": true,
			"dependencies": {
				"lower-case": "^1.1.1"
			}
		},
		"node_modules/param-case": {
			"version": "2.1.1",
			"resolved": "https://registry.npmjs.org/param-case/-/param-case-2.1.1.tgz",
			"integrity": "sha512-eQE845L6ot89sk2N8liD8HAuH4ca6Vvr7VWAWwt7+kvvG5aBcPmmphQ68JsEG2qa9n1TykS2DLeMt363AAH8/w==",
			"dev": true,
			"dependencies": {
				"no-case": "^2.2.0"
			}
		},
		"node_modules/relateurl": {
			"version": "0.2.7",
			"resolved": "https://registry.npmjs.org/relateurl/-/relateurl-0.2.7.tgz",
			"integrity": "sha512-G08Dxvm4iDN3MLM0EsP62EDV9IuhXPR6blNz6Utcp7zyV3tr4HVNINt6MpaRWbxoOHT3Q7YN2P+jaHX8vUbgog==",
			"dev": true,
			"engines": {
				"node": ">= 0.10"
			}
		},
		"node_modules/requizzle": {
			"version": "0.2.4",
			"resolved": "https://registry.npmjs.org/requizzle/-/requizzle-0.2.4.tgz",
			"integrity": "sha512-JRrFk1D4OQ4SqovXOgdav+K8EAhSB/LJZqCz8tbX0KObcdeM15Ss59ozWMBWmmINMagCwmqn4ZNryUGpBsl6Jw==",
			"dev": true,
			"peer": true,
			"dependencies": {
				"lodash": "^4.17.21"
			}
		},
		"node_modules/showdown": {
			"version": "2.1.0",
			"resolved": "https://registry.npmjs.org/showdown/-/showdown-2.1.0.tgz",
			"integrity": "sha512-/6NVYu4U819R2pUIk79n67SYgJHWCce0a5xTP979WbNp0FL9MN1I1QK662IDU1b6JzKTvmhgI7T7JYIxBi3kMQ==",
			"dev": true,
			"dependencies": {
				"commander": "^9.0.0"
			},
			"bin": {
				"showdown": "bin/showdown.js"
			},
			"funding": {
				"type": "individual",
				"url": "https://www.paypal.me/tiviesantos"
			}
		},
		"node_modules/showdown/node_modules/commander": {
			"version": "9.5.0",
			"resolved": "https://registry.npmjs.org/commander/-/commander-9.5.0.tgz",
			"integrity": "sha512-KRs7WVDKg86PWiuAqhDrAQnTXZKraVcCc6vFdL14qrZ/DcWwuRo7VoiYXalXO7S5GKpqYiVEwCbgFDfxNHKJBQ==",
			"dev": true,
			"engines": {
				"node": "^12.20.0 || >=14"
			}
		},
		"node_modules/source-map": {
			"version": "0.6.1",
			"resolved": "https://registry.npmjs.org/source-map/-/source-map-0.6.1.tgz",
			"integrity": "sha512-UjgapumWlbMhkBgzT7Ykc5YXUT46F0iKu8SGXq0bcwP5dz/h0Plj6enJqjz1Zbq2l5WaqYnrVbwWOWMyF3F47g==",
			"dev": true,
			"engines": {
				"node": ">=0.10.0"
			}
		},
		"node_modules/strip-json-comments": {
			"version": "3.1.1",
			"resolved": "https://registry.npmjs.org/strip-json-comments/-/strip-json-comments-3.1.1.tgz",
			"integrity": "sha512-6fPc+R4ihwqP6N/aIv2f1gMH8lOVtWQHoqC4yK6oSDVVocumAsfCqjkXnqiYMhmMwS/mEHLp7Vehlt3ql6lEig==",
			"dev": true,
			"peer": true,
			"engines": {
				"node": ">=8"
			},
			"funding": {
				"url": "https://github.com/sponsors/sindresorhus"
			}
		},
		"node_modules/uc.micro": {
			"version": "1.0.6",
			"resolved": "https://registry.npmjs.org/uc.micro/-/uc.micro-1.0.6.tgz",
			"integrity": "sha512-8Y75pvTYkLJW2hWQHXxoqRgV7qb9B+9vFEtidML+7koHUFapnVJAZ6cKs+Qjz5Aw3aZWHMC6u0wJE3At+nSGwA==",
			"dev": true,
			"peer": true
		},
		"node_modules/uglify-js": {
			"version": "3.17.4",
			"resolved": "https://registry.npmjs.org/uglify-js/-/uglify-js-3.17.4.tgz",
			"integrity": "sha512-T9q82TJI9e/C1TAxYvfb16xO120tMVFZrGA3f9/P4424DNu6ypK103y0GPFVa17yotwSyZW5iYXgjYHkGrJW/g==",
			"dev": true,
			"bin": {
				"uglifyjs": "bin/uglifyjs"
			},
			"engines": {
				"node": ">=0.8.0"
			}
		},
		"node_modules/underscore": {
			"version": "1.13.6",
			"resolved": "https://registry.npmjs.org/underscore/-/underscore-1.13.6.tgz",
			"integrity": "sha512-+A5Sja4HP1M08MaXya7p5LvjuM7K6q/2EaC0+iovj/wOcMsTzMvDFbasi/oSapiwOlt252IqsKqPjCl7huKS0A==",
			"dev": true,
			"peer": true
		},
		"node_modules/universalify": {
			"version": "2.0.0",
			"resolved": "https://registry.npmjs.org/universalify/-/universalify-2.0.0.tgz",
			"integrity": "sha512-hAZsKq7Yy11Zu1DE0OzWjw7nnLZmJZYTDZZyEFHZdUhV8FkH5MCfoU1XMaxXovpyW5nq5scPqq0ZDP9Zyl04oQ==",
			"dev": true,
			"engines": {
				"node": ">= 10.0.0"
			}
		},
		"node_modules/upper-case": {
			"version": "1.1.3",
			"resolved": "https://registry.npmjs.org/upper-case/-/upper-case-1.1.3.tgz",
			"integrity": "sha512-WRbjgmYzgXkCV7zNVpy5YgrHgbBv126rMALQQMrmzOVC4GM2waQ9x7xtm8VU+1yF2kWyPzI9zbZ48n4vSxwfSA==",
			"dev": true
		},
		"node_modules/xmlcreate": {
			"version": "2.0.4",
			"resolved": "https://registry.npmjs.org/xmlcreate/-/xmlcreate-2.0.4.tgz",
			"integrity": "sha512-nquOebG4sngPmGPICTS5EnxqhKbCmz5Ox5hsszI2T6U5qdrJizBc+0ilYSEjTSzU0yZcmvppztXe/5Al5fUwdg==",
			"dev": true,
			"peer": true
		}
	}
}
